
Microsoft Visual Studio Solution File, Format Version 12.00
# Visual Studio 14
VisualStudioVersion = 14.0.24720.0
MinimumVisualStudioVersion = 10.0.40219.1
Project("{FAE04EC0-301F-11D3-BF4B-00C04F79EFBC}") = "Jolt.NET.Test", "GameJoltAPI.Test\Jolt.NET.Test.csproj", "{1170E023-BFB3-4576-ACD4-CD2D26BB2FBD}"
EndProject
Project("{FAE04EC0-301F-11D3-BF4B-00C04F79EFBC}") = "Jolt.NET.UI", "Jolt.NET.Ui\Jolt.NET.UI.csproj", "{FA4B694D-3117-47A9-A4B0-3FDFEFA8CB0D}"
EndProject
Project("{FAE04EC0-301F-11D3-BF4B-00C04F79EFBC}") = "Jolt.NET.Portable", "Jolt.NET.Portable\Jolt.NET.Portable.csproj", "{1CCA2473-0F72-4EC5-A09A-7AEA217C13EE}"
EndProject
Project("{2150E333-8FDC-42A3-9474-1A3956D46DE8}") = "Solution Items", "Solution Items", "{90E5B984-6F47-415C-855F-EDD9A60F4FEB}"
	ProjectSection(SolutionItems) = preProject
		LICENSE = LICENSE
		Microsoft Public License.txt = Microsoft Public License.txt
		README.md = README.md
	EndProjectSection
EndProject
Project("{FAE04EC0-301F-11D3-BF4B-00C04F79EFBC}") = "Jolt.NET.App", "Jolt.NET.App\Jolt.NET.App.csproj", "{089707C5-4D8B-465B-BAD3-EE1C2F2DCC12}"
EndProject
Global
	GlobalSection(SolutionConfigurationPlatforms) = preSolution
		Debug|Any CPU = Debug|Any CPU
		Debug|ARM = Debug|ARM
		Debug|x64 = Debug|x64
		Debug|x86 = Debug|x86
		Release|Any CPU = Release|Any CPU
		Release|ARM = Release|ARM
		Release|x64 = Release|x64
		Release|x86 = Release|x86
	EndGlobalSection
	GlobalSection(ProjectConfigurationPlatforms) = postSolution
		{1170E023-BFB3-4576-ACD4-CD2D26BB2FBD}.Debug|Any CPU.ActiveCfg = Debug|Any CPU
		{1170E023-BFB3-4576-ACD4-CD2D26BB2FBD}.Debug|Any CPU.Build.0 = Debug|Any CPU
		{1170E023-BFB3-4576-ACD4-CD2D26BB2FBD}.Debug|ARM.ActiveCfg = Debug|Any CPU
		{1170E023-BFB3-4576-ACD4-CD2D26BB2FBD}.Debug|ARM.Build.0 = Debug|Any CPU
		{1170E023-BFB3-4576-ACD4-CD2D26BB2FBD}.Debug|x64.ActiveCfg = Debug|Any CPU
		{1170E023-BFB3-4576-ACD4-CD2D26BB2FBD}.Debug|x64.Build.0 = Debug|Any CPU
		{1170E023-BFB3-4576-ACD4-CD2D26BB2FBD}.Debug|x86.ActiveCfg = Debug|Any CPU
		{1170E023-BFB3-4576-ACD4-CD2D26BB2FBD}.Debug|x86.Build.0 = Debug|Any CPU
		{1170E023-BFB3-4576-ACD4-CD2D26BB2FBD}.Release|Any CPU.ActiveCfg = Release|Any CPU
		{1170E023-BFB3-4576-ACD4-CD2D26BB2FBD}.Release|Any CPU.Build.0 = Release|Any CPU
		{1170E023-BFB3-4576-ACD4-CD2D26BB2FBD}.Release|ARM.ActiveCfg = Release|Any CPU
		{1170E023-BFB3-4576-ACD4-CD2D26BB2FBD}.Release|ARM.Build.0 = Release|Any CPU
		{1170E023-BFB3-4576-ACD4-CD2D26BB2FBD}.Release|x64.ActiveCfg = Release|Any CPU
		{1170E023-BFB3-4576-ACD4-CD2D26BB2FBD}.Release|x64.Build.0 = Release|Any CPU
		{1170E023-BFB3-4576-ACD4-CD2D26BB2FBD}.Release|x86.ActiveCfg = Release|Any CPU
		{1170E023-BFB3-4576-ACD4-CD2D26BB2FBD}.Release|x86.Build.0 = Release|Any CPU
		{FA4B694D-3117-47A9-A4B0-3FDFEFA8CB0D}.Debug|Any CPU.ActiveCfg = Debug|Any CPU
		{FA4B694D-3117-47A9-A4B0-3FDFEFA8CB0D}.Debug|Any CPU.Build.0 = Debug|Any CPU
		{FA4B694D-3117-47A9-A4B0-3FDFEFA8CB0D}.Debug|ARM.ActiveCfg = Debug|Any CPU
		{FA4B694D-3117-47A9-A4B0-3FDFEFA8CB0D}.Debug|ARM.Build.0 = Debug|Any CPU
		{FA4B694D-3117-47A9-A4B0-3FDFEFA8CB0D}.Debug|x64.ActiveCfg = Debug|Any CPU
		{FA4B694D-3117-47A9-A4B0-3FDFEFA8CB0D}.Debug|x64.Build.0 = Debug|Any CPU
		{FA4B694D-3117-47A9-A4B0-3FDFEFA8CB0D}.Debug|x86.ActiveCfg = Debug|Any CPU
		{FA4B694D-3117-47A9-A4B0-3FDFEFA8CB0D}.Debug|x86.Build.0 = Debug|Any CPU
		{FA4B694D-3117-47A9-A4B0-3FDFEFA8CB0D}.Release|Any CPU.ActiveCfg = Release|Any CPU
		{FA4B694D-3117-47A9-A4B0-3FDFEFA8CB0D}.Release|Any CPU.Build.0 = Release|Any CPU
		{FA4B694D-3117-47A9-A4B0-3FDFEFA8CB0D}.Release|ARM.ActiveCfg = Release|Any CPU
		{FA4B694D-3117-47A9-A4B0-3FDFEFA8CB0D}.Release|ARM.Build.0 = Release|Any CPU
		{FA4B694D-3117-47A9-A4B0-3FDFEFA8CB0D}.Release|x64.ActiveCfg = Release|Any CPU
		{FA4B694D-3117-47A9-A4B0-3FDFEFA8CB0D}.Release|x64.Build.0 = Release|Any CPU
		{FA4B694D-3117-47A9-A4B0-3FDFEFA8CB0D}.Release|x86.ActiveCfg = Release|Any CPU
		{FA4B694D-3117-47A9-A4B0-3FDFEFA8CB0D}.Release|x86.Build.0 = Release|Any CPU
		{1CCA2473-0F72-4EC5-A09A-7AEA217C13EE}.Debug|Any CPU.ActiveCfg = Debug|Any CPU
		{1CCA2473-0F72-4EC5-A09A-7AEA217C13EE}.Debug|Any CPU.Build.0 = Debug|Any CPU
		{1CCA2473-0F72-4EC5-A09A-7AEA217C13EE}.Debug|ARM.ActiveCfg = Debug|Any CPU
		{1CCA2473-0F72-4EC5-A09A-7AEA217C13EE}.Debug|ARM.Build.0 = Debug|Any CPU
		{1CCA2473-0F72-4EC5-A09A-7AEA217C13EE}.Debug|x64.ActiveCfg = Debug|Any CPU
		{1CCA2473-0F72-4EC5-A09A-7AEA217C13EE}.Debug|x64.Build.0 = Debug|Any CPU
		{1CCA2473-0F72-4EC5-A09A-7AEA217C13EE}.Debug|x86.ActiveCfg = Debug|Any CPU
		{1CCA2473-0F72-4EC5-A09A-7AEA217C13EE}.Debug|x86.Build.0 = Debug|Any CPU
		{1CCA2473-0F72-4EC5-A09A-7AEA217C13EE}.Release|Any CPU.ActiveCfg = Release|Any CPU
		{1CCA2473-0F72-4EC5-A09A-7AEA217C13EE}.Release|Any CPU.Build.0 = Release|Any CPU
		{1CCA2473-0F72-4EC5-A09A-7AEA217C13EE}.Release|ARM.ActiveCfg = Release|Any CPU
		{1CCA2473-0F72-4EC5-A09A-7AEA217C13EE}.Release|ARM.Build.0 = Release|Any CPU
		{1CCA2473-0F72-4EC5-A09A-7AEA217C13EE}.Release|x64.ActiveCfg = Release|Any CPU
		{1CCA2473-0F72-4EC5-A09A-7AEA217C13EE}.Release|x64.Build.0 = Release|Any CPU
		{1CCA2473-0F72-4EC5-A09A-7AEA217C13EE}.Release|x86.ActiveCfg = Release|Any CPU
		{1CCA2473-0F72-4EC5-A09A-7AEA217C13EE}.Release|x86.Build.0 = Release|Any CPU
		{089707C5-4D8B-465B-BAD3-EE1C2F2DCC12}.Debug|Any CPU.ActiveCfg = Debug|x86
		{089707C5-4D8B-465B-BAD3-EE1C2F2DCC12}.Debug|ARM.ActiveCfg = Debug|ARM
		{089707C5-4D8B-465B-BAD3-EE1C2F2DCC12}.Debug|ARM.Build.0 = Debug|ARM
		{089707C5-4D8B-465B-BAD3-EE1C2F2DCC12}.Debug|ARM.Deploy.0 = Debug|ARM
		{089707C5-4D8B-465B-BAD3-EE1C2F2DCC12}.Debug|x64.ActiveCfg = Debug|x64
		{089707C5-4D8B-465B-BAD3-EE1C2F2DCC12}.Debug|x64.Build.0 = Debug|x64
		{089707C5-4D8B-465B-BAD3-EE1C2F2DCC12}.Debug|x64.Deploy.0 = Debug|x64
		{089707C5-4D8B-465B-BAD3-EE1C2F2DCC12}.Debug|x86.ActiveCfg = Debug|x86
		{089707C5-4D8B-465B-BAD3-EE1C2F2DCC12}.Debug|x86.Build.0 = Debug|x86
		{089707C5-4D8B-465B-BAD3-EE1C2F2DCC12}.Debug|x86.Deploy.0 = Debug|x86
		{089707C5-4D8B-465B-BAD3-EE1C2F2DCC12}.Release|Any CPU.ActiveCfg = Release|x86
		{089707C5-4D8B-465B-BAD3-EE1C2F2DCC12}.Release|ARM.ActiveCfg = Release|ARM
		{089707C5-4D8B-465B-BAD3-EE1C2F2DCC12}.Release|ARM.Build.0 = Release|ARM
		{089707C5-4D8B-465B-BAD3-EE1C2F2DCC12}.Release|ARM.Deploy.0 = Release|ARM
		{089707C5-4D8B-465B-BAD3-EE1C2F2DCC12}.Release|x64.ActiveCfg = Release|x64
		{089707C5-4D8B-465B-BAD3-EE1C2F2DCC12}.Release|x64.Build.0 = Release|x64
		{089707C5-4D8B-465B-BAD3-EE1C2F2DCC12}.Release|x64.Deploy.0 = Release|x64
		{089707C5-4D8B-465B-BAD3-EE1C2F2DCC12}.Release|x86.ActiveCfg = Release|x86
		{089707C5-4D8B-465B-BAD3-EE1C2F2DCC12}.Release|x86.Build.0 = Release|x86
		{089707C5-4D8B-465B-BAD3-EE1C2F2DCC12}.Release|x86.Deploy.0 = Release|x86
	EndGlobalSection
	GlobalSection(SolutionProperties) = preSolution
		HideSolutionNode = FALSE
	EndGlobalSection
EndGlobal
